{
    "name": "sample",
    "version": "0.0.0",
    "lockfileVersion": 1,
    "requires": true,
    "dependencies": {
        "hello-dependency": {
            "version": "file:dependencies/hello-dependency"
        },
        "hello-dev-dependency": {
            "version": "file:dependencies/hello-dev-dependency",
            "dev": true
        },
        "hello-single-binary-dependency": {
            "version": "file:dependencies/hello-single-binary-dependency"
        }
    }
}
